
Microsoft Visual Studio Solution File, Format Version 12.00
# Visual Studio 14
VisualStudioVersion = 14.0.25420.1
MinimumVisualStudioVersion = 10.0.40219.1
Project("{8BC9CEB8-8B4A-11D0-8D11-00A0C91BC942}") = "07. Calculator", "07. Calculator\Calculator.vcxproj", "{3BBB419A-B4DC-4738-8F50-DB87D1243D1C}"
EndProject
Project("{8BC9CEB8-8B4A-11D0-8D11-00A0C91BC942}") = "01. Numeral-systems", "01. Numeral-systems\Numeral-systems.vcxproj", "{1EE2BADB-A3DA-4B42-9DEF-A9AB8C3C4028}"
EndProject
Project("{8BC9CEB8-8B4A-11D0-8D11-00A0C91BC942}") = "04. Permuts(Dijktra)", "04. Permuts(Dijktra)\Permuts(Dijktra).vcxproj", "{5FE1A805-0E33-42CE-AEB3-DEA27F125828}"
EndProject
Project("{8BC9CEB8-8B4A-11D0-8D11-00A0C91BC942}") = "08. Base64", "08. Base64\base64.vcxproj", "{C2E669CE-FF2E-4414-AB62-029F8E306B42}"
EndProject
Project("{8BC9CEB8-8B4A-11D0-8D11-00A0C91BC942}") = "09. AVL-tree", "09. AVL-tree\AVL-tree.vcxproj", "{7BF1F8A7-2BC1-4157-9551-85317C991A26}"
EndProject
Project("{2150E333-8FDC-42A3-9474-1A3956D46DE8}") = "Common", "Common", "{24B1C850-36E2-4CC4-BAA5-F3CC0CA22BFC}"
EndProject
Project("{2150E333-8FDC-42A3-9474-1A3956D46DE8}") = "Stacks", "Stacks", "{40D5C457-C5F1-40E9-B4C5-E9E33C9876BD}"
EndProject
Project("{8BC9CEB8-8B4A-11D0-8D11-00A0C91BC942}") = "Stack-void", "Common\Stacks\Stack-void\Stack-c.vcxproj", "{ED17ECB6-752C-494A-B29D-5229DCFA5485}"
EndProject
Project("{8BC9CEB8-8B4A-11D0-8D11-00A0C91BC942}") = "Stack-int", "Common\Stacks\Stack-int\Stack-int.vcxproj", "{464F6AEA-B895-424D-B8FA-F645C7C3D1E9}"
EndProject
Project("{8BC9CEB8-8B4A-11D0-8D11-00A0C91BC942}") = "Queue", "Common\Queue\Queue.vcxproj", "{402329F6-0A68-494E-8B35-A27946DFC7EB}"
EndProject
Project("{8BC9CEB8-8B4A-11D0-8D11-00A0C91BC942}") = "PriorityQueue", "Common\PriorityQueue\PriorityQueue.vcxproj", "{C807607B-5EF6-4109-8B6C-84BEF70ACB04}"
EndProject
Project("{8BC9CEB8-8B4A-11D0-8D11-00A0C91BC942}") = "11. Topological-sorting", "11. Topological-sorting\Topological-sorting.vcxproj", "{DEC02D6C-CFD7-4496-92F2-061B3F4E23D9}"
EndProject
Project("{8BC9CEB8-8B4A-11D0-8D11-00A0C91BC942}") = "13. Prims-algorithm", "13. Prims-algorithm\Prims-algorithm.vcxproj", "{6688CD80-2D97-435D-907E-0FB024304F8F}"
EndProject
Project("{8BC9CEB8-8B4A-11D0-8D11-00A0C91BC942}") = "05. Heap-sort", "05. Heap-sort\Heap-sort.vcxproj", "{1CE1EF14-094F-4FC3-BAAC-2B2E834FB81B}"
EndProject
Project("{8BC9CEB8-8B4A-11D0-8D11-00A0C91BC942}") = "06. Quick-sort", "06. Quick-sort\Quick-sort.vcxproj", "{A4528FD9-4A29-4698-9F31-81C117DCBD4C}"
EndProject
Global
	GlobalSection(SolutionConfigurationPlatforms) = preSolution
		Debug|x64 = Debug|x64
		Debug|x86 = Debug|x86
		Release|x64 = Release|x64
		Release|x86 = Release|x86
	EndGlobalSection
	GlobalSection(ProjectConfigurationPlatforms) = postSolution
		{3BBB419A-B4DC-4738-8F50-DB87D1243D1C}.Debug|x64.ActiveCfg = Debug|x64
		{3BBB419A-B4DC-4738-8F50-DB87D1243D1C}.Debug|x64.Build.0 = Debug|x64
		{3BBB419A-B4DC-4738-8F50-DB87D1243D1C}.Debug|x86.ActiveCfg = Debug|Win32
		{3BBB419A-B4DC-4738-8F50-DB87D1243D1C}.Debug|x86.Build.0 = Debug|Win32
		{3BBB419A-B4DC-4738-8F50-DB87D1243D1C}.Release|x64.ActiveCfg = Release|x64
		{3BBB419A-B4DC-4738-8F50-DB87D1243D1C}.Release|x64.Build.0 = Release|x64
		{3BBB419A-B4DC-4738-8F50-DB87D1243D1C}.Release|x86.ActiveCfg = Release|Win32
		{3BBB419A-B4DC-4738-8F50-DB87D1243D1C}.Release|x86.Build.0 = Release|Win32
		{1EE2BADB-A3DA-4B42-9DEF-A9AB8C3C4028}.Debug|x64.ActiveCfg = Debug|x64
		{1EE2BADB-A3DA-4B42-9DEF-A9AB8C3C4028}.Debug|x64.Build.0 = Debug|x64
		{1EE2BADB-A3DA-4B42-9DEF-A9AB8C3C4028}.Debug|x86.ActiveCfg = Debug|Win32
		{1EE2BADB-A3DA-4B42-9DEF-A9AB8C3C4028}.Debug|x86.Build.0 = Debug|Win32
		{1EE2BADB-A3DA-4B42-9DEF-A9AB8C3C4028}.Release|x64.ActiveCfg = Release|x64
		{1EE2BADB-A3DA-4B42-9DEF-A9AB8C3C4028}.Release|x64.Build.0 = Release|x64
		{1EE2BADB-A3DA-4B42-9DEF-A9AB8C3C4028}.Release|x86.ActiveCfg = Release|Win32
		{1EE2BADB-A3DA-4B42-9DEF-A9AB8C3C4028}.Release|x86.Build.0 = Release|Win32
		{5FE1A805-0E33-42CE-AEB3-DEA27F125828}.Debug|x64.ActiveCfg = Debug|x64
		{5FE1A805-0E33-42CE-AEB3-DEA27F125828}.Debug|x64.Build.0 = Debug|x64
		{5FE1A805-0E33-42CE-AEB3-DEA27F125828}.Debug|x86.ActiveCfg = Debug|Win32
		{5FE1A805-0E33-42CE-AEB3-DEA27F125828}.Debug|x86.Build.0 = Debug|Win32
		{5FE1A805-0E33-42CE-AEB3-DEA27F125828}.Release|x64.ActiveCfg = Release|x64
		{5FE1A805-0E33-42CE-AEB3-DEA27F125828}.Release|x64.Build.0 = Release|x64
		{5FE1A805-0E33-42CE-AEB3-DEA27F125828}.Release|x86.ActiveCfg = Release|Win32
		{5FE1A805-0E33-42CE-AEB3-DEA27F125828}.Release|x86.Build.0 = Release|Win32
		{C2E669CE-FF2E-4414-AB62-029F8E306B42}.Debug|x64.ActiveCfg = Debug|x64
		{C2E669CE-FF2E-4414-AB62-029F8E306B42}.Debug|x64.Build.0 = Debug|x64
		{C2E669CE-FF2E-4414-AB62-029F8E306B42}.Debug|x86.ActiveCfg = Debug|Win32
		{C2E669CE-FF2E-4414-AB62-029F8E306B42}.Debug|x86.Build.0 = Debug|Win32
		{C2E669CE-FF2E-4414-AB62-029F8E306B42}.Release|x64.ActiveCfg = Release|x64
		{C2E669CE-FF2E-4414-AB62-029F8E306B42}.Release|x64.Build.0 = Release|x64
		{C2E669CE-FF2E-4414-AB62-029F8E306B42}.Release|x86.ActiveCfg = Release|Win32
		{C2E669CE-FF2E-4414-AB62-029F8E306B42}.Release|x86.Build.0 = Release|Win32
		{7BF1F8A7-2BC1-4157-9551-85317C991A26}.Debug|x64.ActiveCfg = Debug|x64
		{7BF1F8A7-2BC1-4157-9551-85317C991A26}.Debug|x64.Build.0 = Debug|x64
		{7BF1F8A7-2BC1-4157-9551-85317C991A26}.Debug|x86.ActiveCfg = Debug|Win32
		{7BF1F8A7-2BC1-4157-9551-85317C991A26}.Debug|x86.Build.0 = Debug|Win32
		{7BF1F8A7-2BC1-4157-9551-85317C991A26}.Release|x64.ActiveCfg = Release|x64
		{7BF1F8A7-2BC1-4157-9551-85317C991A26}.Release|x64.Build.0 = Release|x64
		{7BF1F8A7-2BC1-4157-9551-85317C991A26}.Release|x86.ActiveCfg = Release|Win32
		{7BF1F8A7-2BC1-4157-9551-85317C991A26}.Release|x86.Build.0 = Release|Win32
		{ED17ECB6-752C-494A-B29D-5229DCFA5485}.Debug|x64.ActiveCfg = Debug|x64
		{ED17ECB6-752C-494A-B29D-5229DCFA5485}.Debug|x64.Build.0 = Debug|x64
		{ED17ECB6-752C-494A-B29D-5229DCFA5485}.Debug|x86.ActiveCfg = Debug|Win32
		{ED17ECB6-752C-494A-B29D-5229DCFA5485}.Debug|x86.Build.0 = Debug|Win32
		{ED17ECB6-752C-494A-B29D-5229DCFA5485}.Release|x64.ActiveCfg = Release|x64
		{ED17ECB6-752C-494A-B29D-5229DCFA5485}.Release|x64.Build.0 = Release|x64
		{ED17ECB6-752C-494A-B29D-5229DCFA5485}.Release|x86.ActiveCfg = Release|Win32
		{ED17ECB6-752C-494A-B29D-5229DCFA5485}.Release|x86.Build.0 = Release|Win32
		{464F6AEA-B895-424D-B8FA-F645C7C3D1E9}.Debug|x64.ActiveCfg = Debug|x64
		{464F6AEA-B895-424D-B8FA-F645C7C3D1E9}.Debug|x64.Build.0 = Debug|x64
		{464F6AEA-B895-424D-B8FA-F645C7C3D1E9}.Debug|x86.ActiveCfg = Debug|Win32
		{464F6AEA-B895-424D-B8FA-F645C7C3D1E9}.Debug|x86.Build.0 = Debug|Win32
		{464F6AEA-B895-424D-B8FA-F645C7C3D1E9}.Release|x64.ActiveCfg = Release|x64
		{464F6AEA-B895-424D-B8FA-F645C7C3D1E9}.Release|x64.Build.0 = Release|x64
		{464F6AEA-B895-424D-B8FA-F645C7C3D1E9}.Release|x86.ActiveCfg = Release|Win32
		{464F6AEA-B895-424D-B8FA-F645C7C3D1E9}.Release|x86.Build.0 = Release|Win32
		{402329F6-0A68-494E-8B35-A27946DFC7EB}.Debug|x64.ActiveCfg = Debug|x64
		{402329F6-0A68-494E-8B35-A27946DFC7EB}.Debug|x64.Build.0 = Debug|x64
		{402329F6-0A68-494E-8B35-A27946DFC7EB}.Debug|x86.ActiveCfg = Debug|Win32
		{402329F6-0A68-494E-8B35-A27946DFC7EB}.Debug|x86.Build.0 = Debug|Win32
		{402329F6-0A68-494E-8B35-A27946DFC7EB}.Release|x64.ActiveCfg = Release|x64
		{402329F6-0A68-494E-8B35-A27946DFC7EB}.Release|x64.Build.0 = Release|x64
		{402329F6-0A68-494E-8B35-A27946DFC7EB}.Release|x86.ActiveCfg = Release|Win32
		{402329F6-0A68-494E-8B35-A27946DFC7EB}.Release|x86.Build.0 = Release|Win32
		{C807607B-5EF6-4109-8B6C-84BEF70ACB04}.Debug|x64.ActiveCfg = Debug|x64
		{C807607B-5EF6-4109-8B6C-84BEF70ACB04}.Debug|x64.Build.0 = Debug|x64
		{C807607B-5EF6-4109-8B6C-84BEF70ACB04}.Debug|x86.ActiveCfg = Debug|Win32
		{C807607B-5EF6-4109-8B6C-84BEF70ACB04}.Debug|x86.Build.0 = Debug|Win32
		{C807607B-5EF6-4109-8B6C-84BEF70ACB04}.Release|x64.ActiveCfg = Release|x64
		{C807607B-5EF6-4109-8B6C-84BEF70ACB04}.Release|x64.Build.0 = Release|x64
		{C807607B-5EF6-4109-8B6C-84BEF70ACB04}.Release|x86.ActiveCfg = Release|Win32
		{C807607B-5EF6-4109-8B6C-84BEF70ACB04}.Release|x86.Build.0 = Release|Win32
		{DEC02D6C-CFD7-4496-92F2-061B3F4E23D9}.Debug|x64.ActiveCfg = Debug|x64
		{DEC02D6C-CFD7-4496-92F2-061B3F4E23D9}.Debug|x64.Build.0 = Debug|x64
		{DEC02D6C-CFD7-4496-92F2-061B3F4E23D9}.Debug|x86.ActiveCfg = Debug|Win32
		{DEC02D6C-CFD7-4496-92F2-061B3F4E23D9}.Debug|x86.Build.0 = Debug|Win32
		{DEC02D6C-CFD7-4496-92F2-061B3F4E23D9}.Release|x64.ActiveCfg = Release|x64
		{DEC02D6C-CFD7-4496-92F2-061B3F4E23D9}.Release|x64.Build.0 = Release|x64
		{DEC02D6C-CFD7-4496-92F2-061B3F4E23D9}.Release|x86.ActiveCfg = Release|Win32
		{DEC02D6C-CFD7-4496-92F2-061B3F4E23D9}.Release|x86.Build.0 = Release|Win32
		{6688CD80-2D97-435D-907E-0FB024304F8F}.Debug|x64.ActiveCfg = Debug|x64
		{6688CD80-2D97-435D-907E-0FB024304F8F}.Debug|x64.Build.0 = Debug|x64
		{6688CD80-2D97-435D-907E-0FB024304F8F}.Debug|x86.ActiveCfg = Debug|Win32
		{6688CD80-2D97-435D-907E-0FB024304F8F}.Debug|x86.Build.0 = Debug|Win32
		{6688CD80-2D97-435D-907E-0FB024304F8F}.Release|x64.ActiveCfg = Release|x64
		{6688CD80-2D97-435D-907E-0FB024304F8F}.Release|x64.Build.0 = Release|x64
		{6688CD80-2D97-435D-907E-0FB024304F8F}.Release|x86.ActiveCfg = Release|Win32
		{6688CD80-2D97-435D-907E-0FB024304F8F}.Release|x86.Build.0 = Release|Win32
		{F007D3D2-A22E-4394-B724-1E9C8A421150}.Debug|x64.ActiveCfg = Debug|x64
		{F007D3D2-A22E-4394-B724-1E9C8A421150}.Debug|x64.Build.0 = Debug|x64
		{F007D3D2-A22E-4394-B724-1E9C8A421150}.Debug|x86.ActiveCfg = Debug|Win32
		{F007D3D2-A22E-4394-B724-1E9C8A421150}.Debug|x86.Build.0 = Debug|Win32
		{F007D3D2-A22E-4394-B724-1E9C8A421150}.Release|x64.ActiveCfg = Release|x64
		{F007D3D2-A22E-4394-B724-1E9C8A421150}.Release|x64.Build.0 = Release|x64
		{F007D3D2-A22E-4394-B724-1E9C8A421150}.Release|x86.ActiveCfg = Release|Win32
		{F007D3D2-A22E-4394-B724-1E9C8A421150}.Release|x86.Build.0 = Release|Win32
		{1CE1EF14-094F-4FC3-BAAC-2B2E834FB81B}.Debug|x64.ActiveCfg = Debug|x64
		{1CE1EF14-094F-4FC3-BAAC-2B2E834FB81B}.Debug|x64.Build.0 = Debug|x64
		{1CE1EF14-094F-4FC3-BAAC-2B2E834FB81B}.Debug|x86.ActiveCfg = Debug|Win32
		{1CE1EF14-094F-4FC3-BAAC-2B2E834FB81B}.Debug|x86.Build.0 = Debug|Win32
		{1CE1EF14-094F-4FC3-BAAC-2B2E834FB81B}.Release|x64.ActiveCfg = Release|x64
		{1CE1EF14-094F-4FC3-BAAC-2B2E834FB81B}.Release|x64.Build.0 = Release|x64
		{1CE1EF14-094F-4FC3-BAAC-2B2E834FB81B}.Release|x86.ActiveCfg = Release|Win32
		{1CE1EF14-094F-4FC3-BAAC-2B2E834FB81B}.Release|x86.Build.0 = Release|Win32
		{A4528FD9-4A29-4698-9F31-81C117DCBD4C}.Debug|x64.ActiveCfg = Debug|x64
		{A4528FD9-4A29-4698-9F31-81C117DCBD4C}.Debug|x64.Build.0 = Debug|x64
		{A4528FD9-4A29-4698-9F31-81C117DCBD4C}.Debug|x86.ActiveCfg = Debug|Win32
		{A4528FD9-4A29-4698-9F31-81C117DCBD4C}.Debug|x86.Build.0 = Debug|Win32
		{A4528FD9-4A29-4698-9F31-81C117DCBD4C}.Release|x64.ActiveCfg = Release|x64
		{A4528FD9-4A29-4698-9F31-81C117DCBD4C}.Release|x64.Build.0 = Release|x64
		{A4528FD9-4A29-4698-9F31-81C117DCBD4C}.Release|x86.ActiveCfg = Release|Win32
		{A4528FD9-4A29-4698-9F31-81C117DCBD4C}.Release|x86.Build.0 = Release|Win32
	EndGlobalSection
	GlobalSection(SolutionProperties) = preSolution
		HideSolutionNode = FALSE
	EndGlobalSection
	GlobalSection(NestedProjects) = preSolution
		{40D5C457-C5F1-40E9-B4C5-E9E33C9876BD} = {24B1C850-36E2-4CC4-BAA5-F3CC0CA22BFC}
		{ED17ECB6-752C-494A-B29D-5229DCFA5485} = {40D5C457-C5F1-40E9-B4C5-E9E33C9876BD}
		{464F6AEA-B895-424D-B8FA-F645C7C3D1E9} = {40D5C457-C5F1-40E9-B4C5-E9E33C9876BD}
		{402329F6-0A68-494E-8B35-A27946DFC7EB} = {24B1C850-36E2-4CC4-BAA5-F3CC0CA22BFC}
		{C807607B-5EF6-4109-8B6C-84BEF70ACB04} = {24B1C850-36E2-4CC4-BAA5-F3CC0CA22BFC}
	EndGlobalSection
EndGlobal
