
Microsoft Visual Studio Solution File, Format Version 12.00
# Visual Studio 14
VisualStudioVersion = 14.0.25420.1
MinimumVisualStudioVersion = 10.0.40219.1
Project("{8BC9CEB8-8B4A-11D0-8D11-00A0C91BC942}") = "07. Calculator", "07. Calculator\Calculator.vcxproj", "{3BBB419A-B4DC-4738-8F50-DB87D1243D1C}"
EndProject
Project("{8BC9CEB8-8B4A-11D0-8D11-00A0C91BC942}") = "01. Numeral-systems", "01. Numeral-systems\Numeral-systems.vcxproj", "{1EE2BADB-A3DA-4B42-9DEF-A9AB8C3C4028}"
EndProject
Project("{8BC9CEB8-8B4A-11D0-8D11-00A0C91BC942}") = "04. Permuts(Dijktra)", "04. Permuts(Dijktra)\Permuts(Dijktra).vcxproj", "{5FE1A805-0E33-42CE-AEB3-DEA27F125828}"
EndProject
Project("{8BC9CEB8-8B4A-11D0-8D11-00A0C91BC942}") = "08. Base64", "08. Base64\base64.vcxproj", "{C2E669CE-FF2E-4414-AB62-029F8E306B42}"
EndProject
Project("{8BC9CEB8-8B4A-11D0-8D11-00A0C91BC942}") = "09. AVL-tree", "09. AVL-tree\AVL-tree.vcxproj", "{7BF1F8A7-2BC1-4157-9551-85317C991A26}"
EndProject
Project("{2150E333-8FDC-42A3-9474-1A3956D46DE8}") = "Common", "Common", "{24B1C850-36E2-4CC4-BAA5-F3CC0CA22BFC}"
EndProject
Project("{2150E333-8FDC-42A3-9474-1A3956D46DE8}") = "Stacks", "Stacks", "{40D5C457-C5F1-40E9-B4C5-E9E33C9876BD}"
EndProject
Project("{8BC9CEB8-8B4A-11D0-8D11-00A0C91BC942}") = "Stack-void", "Common\Stacks\Stack-void\Stack-c.vcxproj", "{ED17ECB6-752C-494A-B29D-5229DCFA5485}"
EndProject
Project("{8BC9CEB8-8B4A-11D0-8D11-00A0C91BC942}") = "Stack-int", "Common\Stacks\Stack-int\Stack-int.vcxproj", "{464F6AEA-B895-424D-B8FA-F645C7C3D1E9}"
EndProject
Project("{8BC9CEB8-8B4A-11D0-8D11-00A0C91BC942}") = "Queue", "Common\Queue\Queue.vcxproj", "{402329F6-0A68-494E-8B35-A27946DFC7EB}"
EndProject
Project("{8BC9CEB8-8B4A-11D0-8D11-00A0C91BC942}") = "PriorityQueue", "Common\PriorityQueue\PriorityQueue.vcxproj", "{C807607B-5EF6-4109-8B6C-84BEF70ACB04}"
EndProject
Project("{8BC9CEB8-8B4A-11D0-8D11-00A0C91BC942}") = "11. Topological-sorting", "11. Topological-sorting\Topological-sorting.vcxproj", "{DEC02D6C-CFD7-4496-92F2-061B3F4E23D9}"
EndProject
Project("{8BC9CEB8-8B4A-11D0-8D11-00A0C91BC942}") = "14. Dijkstras-algorithm", "14. Dijkstras-algorithm\Dijkstras-algorithm.vcxproj", "{0CE46603-4307-44F2-9F33-6DC37E6BFB19}"
EndProject
Project("{8BC9CEB8-8B4A-11D0-8D11-00A0C91BC942}") = "10. Huffman-coding", "10. Haffman\Huffman-coding.vcxproj", "{227DD61C-6DEB-42A9-A508-8B90E28D7350}"
EndProject
Project("{8BC9CEB8-8B4A-11D0-8D11-00A0C91BC942}") = "13. Prims-algorithm", "13. Prims-algorithm\Prims-algorithm.vcxproj", "{6688CD80-2D97-435D-907E-0FB024304F8F}"
EndProject
Project("{8BC9CEB8-8B4A-11D0-8D11-00A0C91BC942}") = "05. Heap-sort", "05. Heap-sort\Heap-sort.vcxproj", "{1CE1EF14-094F-4FC3-BAAC-2B2E834FB81B}"
EndProject
Project("{8BC9CEB8-8B4A-11D0-8D11-00A0C91BC942}") = "06. Quick-sort", "06. Quick-sort\Quick-sort.vcxproj", "{A4528FD9-4A29-4698-9F31-81C117DCBD4C}"
EndProject
Project("{8BC9CEB8-8B4A-11D0-8D11-00A0C91BC942}") = "MaxHeap", "Common\MaxHeap\MaxHeap.vcxproj", "{846B7947-0645-4589-AE36-61DC1DD67D84}"
EndProject
Project("{8BC9CEB8-8B4A-11D0-8D11-00A0C91BC942}") = "12. Kruskals-algorithm", "12. Kruskals-algorithm\Kruskals-algorithm.vcxproj", "{F007D3D2-A22E-4394-B724-1E9C8A421150}"
EndProject
Project("{8BC9CEB8-8B4A-11D0-8D11-00A0C91BC942}") = "03. Rabin-Karp-algorithm", "03. Rabin-Karp-algorithm\03. Rabin-Karp-algorithm.vcxproj", "{7A644969-936A-4A3F-99C7-BA441D6010EC}"
EndProject
Project("{8BC9CEB8-8B4A-11D0-8D11-00A0C91BC942}") = "02. Boyer–Moore-algorithm", "02. Boyer–Moore-algorithm\Boyer–Moore-algorithm.vcxproj", "{FB6F1434-EB95-4CD1-AC12-81B88701B0AA}"
EndProject
Project("{8BC9CEB8-8B4A-11D0-8D11-00A0C91BC942}") = "RingBuffer", "Common\RingBuffer\RingBuffer.vcxproj", "{42F041B0-D421-4024-8109-831EEDA2E00A}"
EndProject
Project("{8BC9CEB8-8B4A-11D0-8D11-00A0C91BC942}") = "15. Generic-quick-sort", "15. Generic-quick-sort\15. Generic-quick-sort.vcxproj", "{E5142D25-23D4-4E8A-B0CE-34ACC50ED0E1}"
EndProject
Project("{8BC9CEB8-8B4A-11D0-8D11-00A0C91BC942}") = "QSort", "Common\QSort\QSort.vcxproj", "{A74B490D-8A4A-44E8-84AE-09C03F6FDBBE}"
EndProject
Global
	GlobalSection(SolutionConfigurationPlatforms) = preSolution
		Debug|x64 = Debug|x64
		Debug|x86 = Debug|x86
		Release|x64 = Release|x64
		Release|x86 = Release|x86
	EndGlobalSection
	GlobalSection(ProjectConfigurationPlatforms) = postSolution
		{3BBB419A-B4DC-4738-8F50-DB87D1243D1C}.Debug|x64.ActiveCfg = Debug|x64
		{3BBB419A-B4DC-4738-8F50-DB87D1243D1C}.Debug|x64.Build.0 = Debug|x64
		{3BBB419A-B4DC-4738-8F50-DB87D1243D1C}.Debug|x86.ActiveCfg = Debug|Win32
		{3BBB419A-B4DC-4738-8F50-DB87D1243D1C}.Debug|x86.Build.0 = Debug|Win32
		{3BBB419A-B4DC-4738-8F50-DB87D1243D1C}.Release|x64.ActiveCfg = Release|x64
		{3BBB419A-B4DC-4738-8F50-DB87D1243D1C}.Release|x64.Build.0 = Release|x64
		{3BBB419A-B4DC-4738-8F50-DB87D1243D1C}.Release|x86.ActiveCfg = Release|Win32
		{3BBB419A-B4DC-4738-8F50-DB87D1243D1C}.Release|x86.Build.0 = Release|Win32
		{1EE2BADB-A3DA-4B42-9DEF-A9AB8C3C4028}.Debug|x64.ActiveCfg = Debug|x64
		{1EE2BADB-A3DA-4B42-9DEF-A9AB8C3C4028}.Debug|x64.Build.0 = Debug|x64
		{1EE2BADB-A3DA-4B42-9DEF-A9AB8C3C4028}.Debug|x86.ActiveCfg = Debug|Win32
		{1EE2BADB-A3DA-4B42-9DEF-A9AB8C3C4028}.Debug|x86.Build.0 = Debug|Win32
		{1EE2BADB-A3DA-4B42-9DEF-A9AB8C3C4028}.Release|x64.ActiveCfg = Release|x64
		{1EE2BADB-A3DA-4B42-9DEF-A9AB8C3C4028}.Release|x64.Build.0 = Release|x64
		{1EE2BADB-A3DA-4B42-9DEF-A9AB8C3C4028}.Release|x86.ActiveCfg = Release|Win32
		{1EE2BADB-A3DA-4B42-9DEF-A9AB8C3C4028}.Release|x86.Build.0 = Release|Win32
		{5FE1A805-0E33-42CE-AEB3-DEA27F125828}.Debug|x64.ActiveCfg = Debug|x64
		{5FE1A805-0E33-42CE-AEB3-DEA27F125828}.Debug|x64.Build.0 = Debug|x64
		{5FE1A805-0E33-42CE-AEB3-DEA27F125828}.Debug|x86.ActiveCfg = Debug|Win32
		{5FE1A805-0E33-42CE-AEB3-DEA27F125828}.Debug|x86.Build.0 = Debug|Win32
		{5FE1A805-0E33-42CE-AEB3-DEA27F125828}.Release|x64.ActiveCfg = Release|x64
		{5FE1A805-0E33-42CE-AEB3-DEA27F125828}.Release|x64.Build.0 = Release|x64
		{5FE1A805-0E33-42CE-AEB3-DEA27F125828}.Release|x86.ActiveCfg = Release|Win32
		{5FE1A805-0E33-42CE-AEB3-DEA27F125828}.Release|x86.Build.0 = Release|Win32
		{C2E669CE-FF2E-4414-AB62-029F8E306B42}.Debug|x64.ActiveCfg = Debug|x64
		{C2E669CE-FF2E-4414-AB62-029F8E306B42}.Debug|x64.Build.0 = Debug|x64
		{C2E669CE-FF2E-4414-AB62-029F8E306B42}.Debug|x86.ActiveCfg = Debug|Win32
		{C2E669CE-FF2E-4414-AB62-029F8E306B42}.Debug|x86.Build.0 = Debug|Win32
		{C2E669CE-FF2E-4414-AB62-029F8E306B42}.Release|x64.ActiveCfg = Release|x64
		{C2E669CE-FF2E-4414-AB62-029F8E306B42}.Release|x64.Build.0 = Release|x64
		{C2E669CE-FF2E-4414-AB62-029F8E306B42}.Release|x86.ActiveCfg = Release|Win32
		{C2E669CE-FF2E-4414-AB62-029F8E306B42}.Release|x86.Build.0 = Release|Win32
		{7BF1F8A7-2BC1-4157-9551-85317C991A26}.Debug|x64.ActiveCfg = Debug|x64
		{7BF1F8A7-2BC1-4157-9551-85317C991A26}.Debug|x64.Build.0 = Debug|x64
		{7BF1F8A7-2BC1-4157-9551-85317C991A26}.Debug|x86.ActiveCfg = Debug|Win32
		{7BF1F8A7-2BC1-4157-9551-85317C991A26}.Debug|x86.Build.0 = Debug|Win32
		{7BF1F8A7-2BC1-4157-9551-85317C991A26}.Release|x64.ActiveCfg = Release|x64
		{7BF1F8A7-2BC1-4157-9551-85317C991A26}.Release|x64.Build.0 = Release|x64
		{7BF1F8A7-2BC1-4157-9551-85317C991A26}.Release|x86.ActiveCfg = Release|Win32
		{7BF1F8A7-2BC1-4157-9551-85317C991A26}.Release|x86.Build.0 = Release|Win32
		{ED17ECB6-752C-494A-B29D-5229DCFA5485}.Debug|x64.ActiveCfg = Debug|x64
		{ED17ECB6-752C-494A-B29D-5229DCFA5485}.Debug|x64.Build.0 = Debug|x64
		{ED17ECB6-752C-494A-B29D-5229DCFA5485}.Debug|x86.ActiveCfg = Debug|Win32
		{ED17ECB6-752C-494A-B29D-5229DCFA5485}.Debug|x86.Build.0 = Debug|Win32
		{ED17ECB6-752C-494A-B29D-5229DCFA5485}.Release|x64.ActiveCfg = Release|x64
		{ED17ECB6-752C-494A-B29D-5229DCFA5485}.Release|x64.Build.0 = Release|x64
		{ED17ECB6-752C-494A-B29D-5229DCFA5485}.Release|x86.ActiveCfg = Release|Win32
		{ED17ECB6-752C-494A-B29D-5229DCFA5485}.Release|x86.Build.0 = Release|Win32
		{464F6AEA-B895-424D-B8FA-F645C7C3D1E9}.Debug|x64.ActiveCfg = Debug|x64
		{464F6AEA-B895-424D-B8FA-F645C7C3D1E9}.Debug|x64.Build.0 = Debug|x64
		{464F6AEA-B895-424D-B8FA-F645C7C3D1E9}.Debug|x86.ActiveCfg = Debug|Win32
		{464F6AEA-B895-424D-B8FA-F645C7C3D1E9}.Debug|x86.Build.0 = Debug|Win32
		{464F6AEA-B895-424D-B8FA-F645C7C3D1E9}.Release|x64.ActiveCfg = Release|x64
		{464F6AEA-B895-424D-B8FA-F645C7C3D1E9}.Release|x64.Build.0 = Release|x64
		{464F6AEA-B895-424D-B8FA-F645C7C3D1E9}.Release|x86.ActiveCfg = Release|Win32
		{464F6AEA-B895-424D-B8FA-F645C7C3D1E9}.Release|x86.Build.0 = Release|Win32
		{402329F6-0A68-494E-8B35-A27946DFC7EB}.Debug|x64.ActiveCfg = Debug|x64
		{402329F6-0A68-494E-8B35-A27946DFC7EB}.Debug|x64.Build.0 = Debug|x64
		{402329F6-0A68-494E-8B35-A27946DFC7EB}.Debug|x86.ActiveCfg = Debug|Win32
		{402329F6-0A68-494E-8B35-A27946DFC7EB}.Debug|x86.Build.0 = Debug|Win32
		{402329F6-0A68-494E-8B35-A27946DFC7EB}.Release|x64.ActiveCfg = Release|x64
		{402329F6-0A68-494E-8B35-A27946DFC7EB}.Release|x64.Build.0 = Release|x64
		{402329F6-0A68-494E-8B35-A27946DFC7EB}.Release|x86.ActiveCfg = Release|Win32
		{402329F6-0A68-494E-8B35-A27946DFC7EB}.Release|x86.Build.0 = Release|Win32
		{C807607B-5EF6-4109-8B6C-84BEF70ACB04}.Debug|x64.ActiveCfg = Debug|x64
		{C807607B-5EF6-4109-8B6C-84BEF70ACB04}.Debug|x64.Build.0 = Debug|x64
		{C807607B-5EF6-4109-8B6C-84BEF70ACB04}.Debug|x86.ActiveCfg = Debug|Win32
		{C807607B-5EF6-4109-8B6C-84BEF70ACB04}.Debug|x86.Build.0 = Debug|Win32
		{C807607B-5EF6-4109-8B6C-84BEF70ACB04}.Release|x64.ActiveCfg = Release|x64
		{C807607B-5EF6-4109-8B6C-84BEF70ACB04}.Release|x64.Build.0 = Release|x64
		{C807607B-5EF6-4109-8B6C-84BEF70ACB04}.Release|x86.ActiveCfg = Release|Win32
		{C807607B-5EF6-4109-8B6C-84BEF70ACB04}.Release|x86.Build.0 = Release|Win32
		{DEC02D6C-CFD7-4496-92F2-061B3F4E23D9}.Debug|x64.ActiveCfg = Debug|x64
		{DEC02D6C-CFD7-4496-92F2-061B3F4E23D9}.Debug|x64.Build.0 = Debug|x64
		{DEC02D6C-CFD7-4496-92F2-061B3F4E23D9}.Debug|x86.ActiveCfg = Debug|Win32
		{DEC02D6C-CFD7-4496-92F2-061B3F4E23D9}.Debug|x86.Build.0 = Debug|Win32
		{DEC02D6C-CFD7-4496-92F2-061B3F4E23D9}.Release|x64.ActiveCfg = Release|x64
		{DEC02D6C-CFD7-4496-92F2-061B3F4E23D9}.Release|x64.Build.0 = Release|x64
		{DEC02D6C-CFD7-4496-92F2-061B3F4E23D9}.Release|x86.ActiveCfg = Release|Win32
		{DEC02D6C-CFD7-4496-92F2-061B3F4E23D9}.Release|x86.Build.0 = Release|Win32
		{0CE46603-4307-44F2-9F33-6DC37E6BFB19}.Debug|x64.ActiveCfg = Debug|x64
		{0CE46603-4307-44F2-9F33-6DC37E6BFB19}.Debug|x64.Build.0 = Debug|x64
		{0CE46603-4307-44F2-9F33-6DC37E6BFB19}.Debug|x86.ActiveCfg = Debug|Win32
		{0CE46603-4307-44F2-9F33-6DC37E6BFB19}.Debug|x86.Build.0 = Debug|Win32
		{0CE46603-4307-44F2-9F33-6DC37E6BFB19}.Release|x64.ActiveCfg = Release|x64
		{0CE46603-4307-44F2-9F33-6DC37E6BFB19}.Release|x64.Build.0 = Release|x64
		{0CE46603-4307-44F2-9F33-6DC37E6BFB19}.Release|x86.ActiveCfg = Release|Win32
		{0CE46603-4307-44F2-9F33-6DC37E6BFB19}.Release|x86.Build.0 = Release|Win32
		{227DD61C-6DEB-42A9-A508-8B90E28D7350}.Debug|x64.ActiveCfg = Debug|x64
		{227DD61C-6DEB-42A9-A508-8B90E28D7350}.Debug|x64.Build.0 = Debug|x64
		{227DD61C-6DEB-42A9-A508-8B90E28D7350}.Debug|x86.ActiveCfg = Debug|Win32
		{227DD61C-6DEB-42A9-A508-8B90E28D7350}.Debug|x86.Build.0 = Debug|Win32
		{227DD61C-6DEB-42A9-A508-8B90E28D7350}.Release|x64.ActiveCfg = Release|x64
		{227DD61C-6DEB-42A9-A508-8B90E28D7350}.Release|x64.Build.0 = Release|x64
		{227DD61C-6DEB-42A9-A508-8B90E28D7350}.Release|x86.ActiveCfg = Release|Win32
		{227DD61C-6DEB-42A9-A508-8B90E28D7350}.Release|x86.Build.0 = Release|Win32
		{6688CD80-2D97-435D-907E-0FB024304F8F}.Debug|x64.ActiveCfg = Debug|x64
		{6688CD80-2D97-435D-907E-0FB024304F8F}.Debug|x64.Build.0 = Debug|x64
		{6688CD80-2D97-435D-907E-0FB024304F8F}.Debug|x86.ActiveCfg = Debug|Win32
		{6688CD80-2D97-435D-907E-0FB024304F8F}.Debug|x86.Build.0 = Debug|Win32
		{6688CD80-2D97-435D-907E-0FB024304F8F}.Release|x64.ActiveCfg = Release|x64
		{6688CD80-2D97-435D-907E-0FB024304F8F}.Release|x64.Build.0 = Release|x64
		{6688CD80-2D97-435D-907E-0FB024304F8F}.Release|x86.ActiveCfg = Release|Win32
		{6688CD80-2D97-435D-907E-0FB024304F8F}.Release|x86.Build.0 = Release|Win32
		{1CE1EF14-094F-4FC3-BAAC-2B2E834FB81B}.Debug|x64.ActiveCfg = Debug|x64
		{1CE1EF14-094F-4FC3-BAAC-2B2E834FB81B}.Debug|x64.Build.0 = Debug|x64
		{1CE1EF14-094F-4FC3-BAAC-2B2E834FB81B}.Debug|x86.ActiveCfg = Debug|Win32
		{1CE1EF14-094F-4FC3-BAAC-2B2E834FB81B}.Debug|x86.Build.0 = Debug|Win32
		{1CE1EF14-094F-4FC3-BAAC-2B2E834FB81B}.Release|x64.ActiveCfg = Release|x64
		{1CE1EF14-094F-4FC3-BAAC-2B2E834FB81B}.Release|x64.Build.0 = Release|x64
		{1CE1EF14-094F-4FC3-BAAC-2B2E834FB81B}.Release|x86.ActiveCfg = Release|Win32
		{1CE1EF14-094F-4FC3-BAAC-2B2E834FB81B}.Release|x86.Build.0 = Release|Win32
		{A4528FD9-4A29-4698-9F31-81C117DCBD4C}.Debug|x64.ActiveCfg = Debug|x64
		{A4528FD9-4A29-4698-9F31-81C117DCBD4C}.Debug|x64.Build.0 = Debug|x64
		{A4528FD9-4A29-4698-9F31-81C117DCBD4C}.Debug|x86.ActiveCfg = Debug|Win32
		{A4528FD9-4A29-4698-9F31-81C117DCBD4C}.Debug|x86.Build.0 = Debug|Win32
		{A4528FD9-4A29-4698-9F31-81C117DCBD4C}.Release|x64.ActiveCfg = Release|x64
		{A4528FD9-4A29-4698-9F31-81C117DCBD4C}.Release|x64.Build.0 = Release|x64
		{A4528FD9-4A29-4698-9F31-81C117DCBD4C}.Release|x86.ActiveCfg = Release|Win32
		{A4528FD9-4A29-4698-9F31-81C117DCBD4C}.Release|x86.Build.0 = Release|Win32
		{846B7947-0645-4589-AE36-61DC1DD67D84}.Debug|x64.ActiveCfg = Debug|x64
		{846B7947-0645-4589-AE36-61DC1DD67D84}.Debug|x64.Build.0 = Debug|x64
		{846B7947-0645-4589-AE36-61DC1DD67D84}.Debug|x86.ActiveCfg = Debug|Win32
		{846B7947-0645-4589-AE36-61DC1DD67D84}.Debug|x86.Build.0 = Debug|Win32
		{846B7947-0645-4589-AE36-61DC1DD67D84}.Release|x64.ActiveCfg = Release|x64
		{846B7947-0645-4589-AE36-61DC1DD67D84}.Release|x64.Build.0 = Release|x64
		{846B7947-0645-4589-AE36-61DC1DD67D84}.Release|x86.ActiveCfg = Release|Win32
		{846B7947-0645-4589-AE36-61DC1DD67D84}.Release|x86.Build.0 = Release|Win32
		{F007D3D2-A22E-4394-B724-1E9C8A421150}.Debug|x64.ActiveCfg = Debug|x64
		{F007D3D2-A22E-4394-B724-1E9C8A421150}.Debug|x64.Build.0 = Debug|x64
		{F007D3D2-A22E-4394-B724-1E9C8A421150}.Debug|x86.ActiveCfg = Debug|Win32
		{F007D3D2-A22E-4394-B724-1E9C8A421150}.Debug|x86.Build.0 = Debug|Win32
		{F007D3D2-A22E-4394-B724-1E9C8A421150}.Release|x64.ActiveCfg = Release|x64
		{F007D3D2-A22E-4394-B724-1E9C8A421150}.Release|x64.Build.0 = Release|x64
		{F007D3D2-A22E-4394-B724-1E9C8A421150}.Release|x86.ActiveCfg = Release|Win32
		{F007D3D2-A22E-4394-B724-1E9C8A421150}.Release|x86.Build.0 = Release|Win32
		{7A644969-936A-4A3F-99C7-BA441D6010EC}.Debug|x64.ActiveCfg = Debug|x64
		{7A644969-936A-4A3F-99C7-BA441D6010EC}.Debug|x64.Build.0 = Debug|x64
		{7A644969-936A-4A3F-99C7-BA441D6010EC}.Debug|x86.ActiveCfg = Debug|Win32
		{7A644969-936A-4A3F-99C7-BA441D6010EC}.Debug|x86.Build.0 = Debug|Win32
		{7A644969-936A-4A3F-99C7-BA441D6010EC}.Release|x64.ActiveCfg = Release|x64
		{7A644969-936A-4A3F-99C7-BA441D6010EC}.Release|x64.Build.0 = Release|x64
		{7A644969-936A-4A3F-99C7-BA441D6010EC}.Release|x86.ActiveCfg = Release|Win32
		{7A644969-936A-4A3F-99C7-BA441D6010EC}.Release|x86.Build.0 = Release|Win32
		{FB6F1434-EB95-4CD1-AC12-81B88701B0AA}.Debug|x64.ActiveCfg = Debug|x64
		{FB6F1434-EB95-4CD1-AC12-81B88701B0AA}.Debug|x64.Build.0 = Debug|x64
		{FB6F1434-EB95-4CD1-AC12-81B88701B0AA}.Debug|x86.ActiveCfg = Debug|Win32
		{FB6F1434-EB95-4CD1-AC12-81B88701B0AA}.Debug|x86.Build.0 = Debug|Win32
		{FB6F1434-EB95-4CD1-AC12-81B88701B0AA}.Release|x64.ActiveCfg = Release|x64
		{FB6F1434-EB95-4CD1-AC12-81B88701B0AA}.Release|x64.Build.0 = Release|x64
		{FB6F1434-EB95-4CD1-AC12-81B88701B0AA}.Release|x86.ActiveCfg = Release|Win32
		{FB6F1434-EB95-4CD1-AC12-81B88701B0AA}.Release|x86.Build.0 = Release|Win32
		{42F041B0-D421-4024-8109-831EEDA2E00A}.Debug|x64.ActiveCfg = Debug|x64
		{42F041B0-D421-4024-8109-831EEDA2E00A}.Debug|x64.Build.0 = Debug|x64
		{42F041B0-D421-4024-8109-831EEDA2E00A}.Debug|x86.ActiveCfg = Debug|Win32
		{42F041B0-D421-4024-8109-831EEDA2E00A}.Debug|x86.Build.0 = Debug|Win32
		{42F041B0-D421-4024-8109-831EEDA2E00A}.Release|x64.ActiveCfg = Release|x64
		{42F041B0-D421-4024-8109-831EEDA2E00A}.Release|x64.Build.0 = Release|x64
		{42F041B0-D421-4024-8109-831EEDA2E00A}.Release|x86.ActiveCfg = Release|Win32
		{42F041B0-D421-4024-8109-831EEDA2E00A}.Release|x86.Build.0 = Release|Win32
		{E5142D25-23D4-4E8A-B0CE-34ACC50ED0E1}.Debug|x64.ActiveCfg = Debug|x64
		{E5142D25-23D4-4E8A-B0CE-34ACC50ED0E1}.Debug|x64.Build.0 = Debug|x64
		{E5142D25-23D4-4E8A-B0CE-34ACC50ED0E1}.Debug|x86.ActiveCfg = Debug|Win32
		{E5142D25-23D4-4E8A-B0CE-34ACC50ED0E1}.Debug|x86.Build.0 = Debug|Win32
		{E5142D25-23D4-4E8A-B0CE-34ACC50ED0E1}.Release|x64.ActiveCfg = Release|x64
		{E5142D25-23D4-4E8A-B0CE-34ACC50ED0E1}.Release|x64.Build.0 = Release|x64
		{E5142D25-23D4-4E8A-B0CE-34ACC50ED0E1}.Release|x86.ActiveCfg = Release|Win32
		{E5142D25-23D4-4E8A-B0CE-34ACC50ED0E1}.Release|x86.Build.0 = Release|Win32
		{A74B490D-8A4A-44E8-84AE-09C03F6FDBBE}.Debug|x64.ActiveCfg = Debug|x64
		{A74B490D-8A4A-44E8-84AE-09C03F6FDBBE}.Debug|x64.Build.0 = Debug|x64
		{A74B490D-8A4A-44E8-84AE-09C03F6FDBBE}.Debug|x86.ActiveCfg = Debug|Win32
		{A74B490D-8A4A-44E8-84AE-09C03F6FDBBE}.Debug|x86.Build.0 = Debug|Win32
		{A74B490D-8A4A-44E8-84AE-09C03F6FDBBE}.Release|x64.ActiveCfg = Release|x64
		{A74B490D-8A4A-44E8-84AE-09C03F6FDBBE}.Release|x64.Build.0 = Release|x64
		{A74B490D-8A4A-44E8-84AE-09C03F6FDBBE}.Release|x86.ActiveCfg = Release|Win32
		{A74B490D-8A4A-44E8-84AE-09C03F6FDBBE}.Release|x86.Build.0 = Release|Win32
	EndGlobalSection
	GlobalSection(SolutionProperties) = preSolution
		HideSolutionNode = FALSE
	EndGlobalSection
	GlobalSection(NestedProjects) = preSolution
		{40D5C457-C5F1-40E9-B4C5-E9E33C9876BD} = {24B1C850-36E2-4CC4-BAA5-F3CC0CA22BFC}
		{ED17ECB6-752C-494A-B29D-5229DCFA5485} = {40D5C457-C5F1-40E9-B4C5-E9E33C9876BD}
		{464F6AEA-B895-424D-B8FA-F645C7C3D1E9} = {40D5C457-C5F1-40E9-B4C5-E9E33C9876BD}
		{402329F6-0A68-494E-8B35-A27946DFC7EB} = {24B1C850-36E2-4CC4-BAA5-F3CC0CA22BFC}
		{C807607B-5EF6-4109-8B6C-84BEF70ACB04} = {24B1C850-36E2-4CC4-BAA5-F3CC0CA22BFC}
		{846B7947-0645-4589-AE36-61DC1DD67D84} = {24B1C850-36E2-4CC4-BAA5-F3CC0CA22BFC}
		{42F041B0-D421-4024-8109-831EEDA2E00A} = {24B1C850-36E2-4CC4-BAA5-F3CC0CA22BFC}
		{A74B490D-8A4A-44E8-84AE-09C03F6FDBBE} = {24B1C850-36E2-4CC4-BAA5-F3CC0CA22BFC}
	EndGlobalSection
EndGlobal
